// !$*UTF8*$!
{
	archiveVersion = 1;
	classes = {
	};
	objectVersion = 46;
	objects = {

/* Begin PBXBuildFile section */
		D4248A4018BD9E1100EE3F67 /* metamacros.h in Headers */ = {isa = PBXBuildFile; fileRef = D4248A3F18BD9E1100EE3F67 /* metamacros.h */; settings = {ATTRIBUTES = (Public, ); }; };
		D4248A4118BD9E1800EE3F67 /* metamacros.h in Headers */ = {isa = PBXBuildFile; fileRef = D4248A3F18BD9E1100EE3F67 /* metamacros.h */; settings = {ATTRIBUTES = (Public, ); }; };
		D4248C6418C2168100EE3F67 /* L3TestState+SetUpOnSameLineOfDifferentModule.m in Sources */ = {isa = PBXBuildFile; fileRef = D4248C6118C2168100EE3F67 /* L3TestState+SetUpOnSameLineOfDifferentModule.m */; };
		D4248C6518C2168100EE3F67 /* L3TestState+SetUpOnSameLineOfDifferentModule.m in Sources */ = {isa = PBXBuildFile; fileRef = D4248C6118C2168100EE3F67 /* L3TestState+SetUpOnSameLineOfDifferentModule.m */; };
		D42B169417C5B0F000C5CA29 /* L3Block.m in Sources */ = {isa = PBXBuildFile; fileRef = D42B169217C5B0F000C5CA29 /* L3Block.m */; };
		D42B169517C5B0F000C5CA29 /* L3Block.m in Sources */ = {isa = PBXBuildFile; fileRef = D42B169217C5B0F000C5CA29 /* L3Block.m */; };
		D42B169617C5B0F000C5CA29 /* L3Block.h in Headers */ = {isa = PBXBuildFile; fileRef = D42B169317C5B0F000C5CA29 /* L3Block.h */; };
		D42B169717C5B0F000C5CA29 /* L3Block.h in Headers */ = {isa = PBXBuildFile; fileRef = D42B169317C5B0F000C5CA29 /* L3Block.h */; };
		D439168F179E49600002EDCA /* L3Test.h in Headers */ = {isa = PBXBuildFile; fileRef = D439168D179E49600002EDCA /* L3Test.h */; settings = {ATTRIBUTES = (Public, ); }; };
		D4391691179E49600002EDCA /* L3Test.h in Headers */ = {isa = PBXBuildFile; fileRef = D439168D179E49600002EDCA /* L3Test.h */; settings = {ATTRIBUTES = (Public, ); }; };
		D4391692179E49600002EDCA /* L3Test.m in Sources */ = {isa = PBXBuildFile; fileRef = D439168E179E49600002EDCA /* L3Test.m */; };
		D4391694179E49600002EDCA /* L3Test.m in Sources */ = {isa = PBXBuildFile; fileRef = D439168E179E49600002EDCA /* L3Test.m */; };
		D4391696179E49C20002EDCA /* L3Defines.h in Headers */ = {isa = PBXBuildFile; fileRef = D4391695179E49B40002EDCA /* L3Defines.h */; settings = {ATTRIBUTES = (Public, ); }; };
		D4391698179E49C40002EDCA /* L3Defines.h in Headers */ = {isa = PBXBuildFile; fileRef = D4391695179E49B40002EDCA /* L3Defines.h */; settings = {ATTRIBUTES = (Public, ); }; };
		D44AA23C17A56F5B00B9F9B3 /* L3SourceReference.m in Sources */ = {isa = PBXBuildFile; fileRef = D457D678165094F100340DAC /* L3SourceReference.m */; };
		D44AA23D17A56F5C00B9F9B3 /* L3SourceReference.m in Sources */ = {isa = PBXBuildFile; fileRef = D457D678165094F100340DAC /* L3SourceReference.m */; };
		D46D2B5A18E113650065701D /* L3TestStub.m in Sources */ = {isa = PBXBuildFile; fileRef = D46D2B5918E1135C0065701D /* L3TestStub.m */; };
		D46D2B5B18E113660065701D /* L3TestStub.m in Sources */ = {isa = PBXBuildFile; fileRef = D46D2B5918E1135C0065701D /* L3TestStub.m */; };
		D46D2B5C18E116B50065701D /* Lagrangian.framework in Frameworks */ = {isa = PBXBuildFile; fileRef = D4B62B4C16A1581700E42C84 /* Lagrangian.framework */; };
		D472C847179DC4EC00FD2F41 /* NSException+L3OCUnitCompatibility.h in Headers */ = {isa = PBXBuildFile; fileRef = D472C845179DC4EC00FD2F41 /* NSException+L3OCUnitCompatibility.h */; settings = {ATTRIBUTES = (Public, ); }; };
		D472C849179DC4EC00FD2F41 /* NSException+L3OCUnitCompatibility.h in Headers */ = {isa = PBXBuildFile; fileRef = D472C845179DC4EC00FD2F41 /* NSException+L3OCUnitCompatibility.h */; settings = {ATTRIBUTES = (Public, ); }; };
		D473F5CE16DA713E000FCD8D /* Foundation.framework in Frameworks */ = {isa = PBXBuildFile; fileRef = D473F5CD16DA713E000FCD8D /* Foundation.framework */; };
		D473F5E616DA71ED000FCD8D /* Lagrangian.h in Headers */ = {isa = PBXBuildFile; fileRef = D4AC431E1648B5D300C0A25B /* Lagrangian.h */; settings = {ATTRIBUTES = (Public, ); }; };
		D473F5EA16DA71ED000FCD8D /* L3SourceReference.h in Headers */ = {isa = PBXBuildFile; fileRef = D457D677165094F100340DAC /* L3SourceReference.h */; settings = {ATTRIBUTES = (Public, ); }; };
		D4A16B881995CD6000DEC88A /* XCTest.framework in Frameworks */ = {isa = PBXBuildFile; fileRef = D4A16B871995CD6000DEC88A /* XCTest.framework */; };
		D4A16B891995CDB400DEC88A /* XCTest.framework in Frameworks */ = {isa = PBXBuildFile; fileRef = D4A16B871995CD6000DEC88A /* XCTest.framework */; };
		D4A5092E18DFE46D0030A470 /* L3TestSuite.h in Headers */ = {isa = PBXBuildFile; fileRef = D4A5092C18DFE46D0030A470 /* L3TestSuite.h */; settings = {ATTRIBUTES = (Public, ); }; };
		D4A5092F18DFE46D0030A470 /* L3TestSuite.h in Headers */ = {isa = PBXBuildFile; fileRef = D4A5092C18DFE46D0030A470 /* L3TestSuite.h */; settings = {ATTRIBUTES = (Public, ); }; };
		D4A5093018DFE46D0030A470 /* L3TestSuite.m in Sources */ = {isa = PBXBuildFile; fileRef = D4A5092D18DFE46D0030A470 /* L3TestSuite.m */; };
		D4A5093118DFE46D0030A470 /* L3TestSuite.m in Sources */ = {isa = PBXBuildFile; fileRef = D4A5092D18DFE46D0030A470 /* L3TestSuite.m */; };
		D4B53EA017B2892C00D70297 /* NSException+L3OCUnitCompatibility.m in Sources */ = {isa = PBXBuildFile; fileRef = D472C846179DC4EC00FD2F41 /* NSException+L3OCUnitCompatibility.m */; };
		D4B53EA617B2892C00D70297 /* NSException+L3OCUnitCompatibility.m in Sources */ = {isa = PBXBuildFile; fileRef = D472C846179DC4EC00FD2F41 /* NSException+L3OCUnitCompatibility.m */; };
		D4B62B5816A1581700E42C84 /* InfoPlist.strings in Resources */ = {isa = PBXBuildFile; fileRef = D4B62B5616A1581700E42C84 /* InfoPlist.strings */; };
		D4B62B6F16A15A0400E42C84 /* Foundation.framework in Frameworks */ = {isa = PBXBuildFile; fileRef = D4B62B5216A1581700E42C84 /* Foundation.framework */; };
		D4B62B7416A15A1900E42C84 /* Lagrangian.h in Headers */ = {isa = PBXBuildFile; fileRef = D4AC431E1648B5D300C0A25B /* Lagrangian.h */; settings = {ATTRIBUTES = (Public, ); }; };
		D4B62B7816A15A1900E42C84 /* L3SourceReference.h in Headers */ = {isa = PBXBuildFile; fileRef = D457D677165094F100340DAC /* L3SourceReference.h */; settings = {ATTRIBUTES = (Public, ); }; };
		D4B62B8C16A15A2C00E42C84 /* Cocoa.framework in Frameworks */ = {isa = PBXBuildFile; fileRef = D4B62B4D16A1581700E42C84 /* Cocoa.framework */; settings = {ATTRIBUTES = (Weak, ); }; };
		D4BD3F3617B9DFFD00D513D8 /* L3TestState.h in Headers */ = {isa = PBXBuildFile; fileRef = D4BD3F3417B9DFFD00D513D8 /* L3TestState.h */; settings = {ATTRIBUTES = (Public, ); }; };
		D4BD3F3717B9DFFD00D513D8 /* L3TestState.h in Headers */ = {isa = PBXBuildFile; fileRef = D4BD3F3417B9DFFD00D513D8 /* L3TestState.h */; settings = {ATTRIBUTES = (Public, ); }; };
		D4BD3F3817B9DFFD00D513D8 /* L3TestState.m in Sources */ = {isa = PBXBuildFile; fileRef = D4BD3F3517B9DFFD00D513D8 /* L3TestState.m */; };
		D4BD3F3917B9DFFD00D513D8 /* L3TestState.m in Sources */ = {isa = PBXBuildFile; fileRef = D4BD3F3517B9DFFD00D513D8 /* L3TestState.m */; };
		D4BEDF2B17A0F10A00DCFF57 /* L3Expectation.h in Headers */ = {isa = PBXBuildFile; fileRef = D4BEDF2917A0F10A00DCFF57 /* L3Expectation.h */; settings = {ATTRIBUTES = (Public, ); }; };
		D4BEDF2C17A0F10A00DCFF57 /* L3Expectation.h in Headers */ = {isa = PBXBuildFile; fileRef = D4BEDF2917A0F10A00DCFF57 /* L3Expectation.h */; settings = {ATTRIBUTES = (Public, ); }; };
		D4BEDF2D17A0F10A00DCFF57 /* L3Expectation.m in Sources */ = {isa = PBXBuildFile; fileRef = D4BEDF2A17A0F10A00DCFF57 /* L3Expectation.m */; };
		D4BEDF2E17A0F10A00DCFF57 /* L3Expectation.m in Sources */ = {isa = PBXBuildFile; fileRef = D4BEDF2A17A0F10A00DCFF57 /* L3Expectation.m */; };
		D4CE328818DF698300CADB65 /* XCTest.framework in Frameworks */ = {isa = PBXBuildFile; fileRef = D4CE328718DF698300CADB65 /* XCTest.framework */; };
		D4CE328918DF698300CADB65 /* Foundation.framework in Frameworks */ = {isa = PBXBuildFile; fileRef = D473F5CD16DA713E000FCD8D /* Foundation.framework */; };
		D4CE328B18DF698300CADB65 /* UIKit.framework in Frameworks */ = {isa = PBXBuildFile; fileRef = D4CE328A18DF698300CADB65 /* UIKit.framework */; };
		D4CE329D18DF6A6D00CADB65 /* libLagrangian.a in Frameworks */ = {isa = PBXBuildFile; fileRef = D473F5CC16DA713E000FCD8D /* libLagrangian.a */; };
		D4CE329F18DFB52900CADB65 /* XCTest.framework in Frameworks */ = {isa = PBXBuildFile; fileRef = D4CE329E18DFB52900CADB65 /* XCTest.framework */; };
		D4CE32A218DFB53C00CADB65 /* UIKit.framework in Frameworks */ = {isa = PBXBuildFile; fileRef = D4CE32A118DFB53C00CADB65 /* UIKit.framework */; settings = {ATTRIBUTES = (Weak, ); }; };
/* End PBXBuildFile section */

/* Begin PBXContainerItemProxy section */
		D46D2B5318E112360065701D /* PBXContainerItemProxy */ = {
			isa = PBXContainerItemProxy;
			containerPortal = D4AC43091648B5D300C0A25B /* Project object */;
			proxyType = 1;
			remoteGlobalIDString = D4B62B4B16A1581700E42C84;
			remoteInfo = "Lagrangian (Mac OS X framework)";
		};
		D4CE329518DF698300CADB65 /* PBXContainerItemProxy */ = {
			isa = PBXContainerItemProxy;
			containerPortal = D4AC43091648B5D300C0A25B /* Project object */;
			proxyType = 1;
			remoteGlobalIDString = D473F5CB16DA713E000FCD8D;
			remoteInfo = "Lagrangian (iOS static framework)";
		};
/* End PBXContainerItemProxy section */

/* Begin PBXFileReference section */
		D403A78417A0DC710049B869 /* SenTestingKit.framework */ = {isa = PBXFileReference; lastKnownFileType = wrapper.framework; name = SenTestingKit.framework; path = Library/Frameworks/SenTestingKit.framework; sourceTree = DEVELOPER_DIR; };
		D4248A3F18BD9E1100EE3F67 /* metamacros.h */ = {isa = PBXFileReference; fileEncoding = 4; lastKnownFileType = sourcecode.c.h; name = metamacros.h; path = libextobjc/metamacros.h; sourceTree = "<group>"; };
		D4248C6118C2168100EE3F67 /* L3TestState+SetUpOnSameLineOfDifferentModule.m */ = {isa = PBXFileReference; fileEncoding = 4; lastKnownFileType = sourcecode.c.objc; path = "L3TestState+SetUpOnSameLineOfDifferentModule.m"; sourceTree = "<group>"; };
		D42B169217C5B0F000C5CA29 /* L3Block.m */ = {isa = PBXFileReference; fileEncoding = 4; lastKnownFileType = sourcecode.c.objc; path = L3Block.m; sourceTree = "<group>"; };
		D42B169317C5B0F000C5CA29 /* L3Block.h */ = {isa = PBXFileReference; fileEncoding = 4; lastKnownFileType = sourcecode.c.h; path = L3Block.h; sourceTree = "<group>"; };
		D439168D179E49600002EDCA /* L3Test.h */ = {isa = PBXFileReference; fileEncoding = 4; lastKnownFileType = sourcecode.c.h; path = L3Test.h; sourceTree = "<group>"; };
		D439168E179E49600002EDCA /* L3Test.m */ = {isa = PBXFileReference; fileEncoding = 4; lastKnownFileType = sourcecode.c.objc; path = L3Test.m; sourceTree = "<group>"; };
		D4391695179E49B40002EDCA /* L3Defines.h */ = {isa = PBXFileReference; lastKnownFileType = sourcecode.c.h; path = L3Defines.h; sourceTree = "<group>"; };
		D457D677165094F100340DAC /* L3SourceReference.h */ = {isa = PBXFileReference; fileEncoding = 4; lastKnownFileType = sourcecode.c.h; path = L3SourceReference.h; sourceTree = "<group>"; };
		D457D678165094F100340DAC /* L3SourceReference.m */ = {isa = PBXFileReference; fileEncoding = 4; lastKnownFileType = sourcecode.c.objc; path = L3SourceReference.m; sourceTree = "<group>"; };
		D46D2B4218E112050065701D /* Lagrangian Tests-Info.plist */ = {isa = PBXFileReference; fileEncoding = 4; lastKnownFileType = text.plist.xml; path = "Lagrangian Tests-Info.plist"; sourceTree = "<group>"; };
		D46D2B4818E112360065701D /* Lagrangian (Mac Tests).xctest */ = {isa = PBXFileReference; explicitFileType = wrapper.cfbundle; includeInIndex = 0; path = "Lagrangian (Mac Tests).xctest"; sourceTree = BUILT_PRODUCTS_DIR; };
		D46D2B5918E1135C0065701D /* L3TestStub.m */ = {isa = PBXFileReference; lastKnownFileType = sourcecode.c.objc; path = L3TestStub.m; sourceTree = "<group>"; };
		D472C845179DC4EC00FD2F41 /* NSException+L3OCUnitCompatibility.h */ = {isa = PBXFileReference; fileEncoding = 4; lastKnownFileType = sourcecode.c.h; path = "NSException+L3OCUnitCompatibility.h"; sourceTree = "<group>"; };
		D472C846179DC4EC00FD2F41 /* NSException+L3OCUnitCompatibility.m */ = {isa = PBXFileReference; fileEncoding = 4; lastKnownFileType = sourcecode.c.objc; path = "NSException+L3OCUnitCompatibility.m"; sourceTree = "<group>"; };
		D473F56B16D8CC89000FCD8D /* Foundation.framework */ = {isa = PBXFileReference; lastKnownFileType = wrapper.framework; name = Foundation.framework; path = Platforms/iPhoneOS.platform/Developer/SDKs/iPhoneOS6.1.sdk/System/Library/Frameworks/Foundation.framework; sourceTree = DEVELOPER_DIR; };
		D473F56E16D8CD03000FCD8D /* CoreGraphics.framework */ = {isa = PBXFileReference; lastKnownFileType = wrapper.framework; name = CoreGraphics.framework; path = Platforms/iPhoneOS.platform/Developer/SDKs/iPhoneOS6.1.sdk/System/Library/Frameworks/CoreGraphics.framework; sourceTree = DEVELOPER_DIR; };
		D473F5CC16DA713E000FCD8D /* libLagrangian.a */ = {isa = PBXFileReference; explicitFileType = archive.ar; includeInIndex = 0; path = libLagrangian.a; sourceTree = BUILT_PRODUCTS_DIR; };
		D473F5CD16DA713E000FCD8D /* Foundation.framework */ = {isa = PBXFileReference; lastKnownFileType = wrapper.framework; name = Foundation.framework; path = System/Library/Frameworks/Foundation.framework; sourceTree = SDKROOT; };
		D4A16B7C1995CD2300DEC88A /* XCTest.framework */ = {isa = PBXFileReference; lastKnownFileType = wrapper.framework; name = XCTest.framework; path = Library/Frameworks/XCTest.framework; sourceTree = DEVELOPER_DIR; };
		D4A16B871995CD6000DEC88A /* XCTest.framework */ = {isa = PBXFileReference; lastKnownFileType = wrapper.framework; name = XCTest.framework; path = Platforms/MacOSX.platform/Developer/Library/Frameworks/XCTest.framework; sourceTree = DEVELOPER_DIR; };
		D4A5092C18DFE46D0030A470 /* L3TestSuite.h */ = {isa = PBXFileReference; fileEncoding = 4; lastKnownFileType = sourcecode.c.h; path = L3TestSuite.h; sourceTree = "<group>"; };
		D4A5092D18DFE46D0030A470 /* L3TestSuite.m */ = {isa = PBXFileReference; fileEncoding = 4; lastKnownFileType = sourcecode.c.objc; path = L3TestSuite.m; sourceTree = "<group>"; };
		D4A5B2C3164B4FAF00338EB4 /* Foundation.framework */ = {isa = PBXFileReference; lastKnownFileType = wrapper.framework; name = Foundation.framework; path = System/Library/Frameworks/Foundation.framework; sourceTree = SDKROOT; };
		D4AC43181648B5D300C0A25B /* AppKit.framework */ = {isa = PBXFileReference; lastKnownFileType = wrapper.framework; name = AppKit.framework; path = System/Library/Frameworks/AppKit.framework; sourceTree = SDKROOT; };
		D4AC431D1648B5D300C0A25B /* Lagrangian-Prefix.pch */ = {isa = PBXFileReference; lastKnownFileType = sourcecode.c.h; path = "Lagrangian-Prefix.pch"; sourceTree = "<group>"; };
		D4AC431E1648B5D300C0A25B /* Lagrangian.h */ = {isa = PBXFileReference; lastKnownFileType = sourcecode.c.h; path = Lagrangian.h; sourceTree = "<group>"; };
		D4B62B4C16A1581700E42C84 /* Lagrangian.framework */ = {isa = PBXFileReference; explicitFileType = wrapper.framework; includeInIndex = 0; path = Lagrangian.framework; sourceTree = BUILT_PRODUCTS_DIR; };
		D4B62B4D16A1581700E42C84 /* Cocoa.framework */ = {isa = PBXFileReference; lastKnownFileType = wrapper.framework; name = Cocoa.framework; path = System/Library/Frameworks/Cocoa.framework; sourceTree = SDKROOT; };
		D4B62B5016A1581700E42C84 /* AppKit.framework */ = {isa = PBXFileReference; lastKnownFileType = wrapper.framework; name = AppKit.framework; path = System/Library/Frameworks/AppKit.framework; sourceTree = SDKROOT; };
		D4B62B5116A1581700E42C84 /* CoreData.framework */ = {isa = PBXFileReference; lastKnownFileType = wrapper.framework; name = CoreData.framework; path = System/Library/Frameworks/CoreData.framework; sourceTree = SDKROOT; };
		D4B62B5216A1581700E42C84 /* Foundation.framework */ = {isa = PBXFileReference; lastKnownFileType = wrapper.framework; name = Foundation.framework; path = System/Library/Frameworks/Foundation.framework; sourceTree = SDKROOT; };
		D4B62B5516A1581700E42C84 /* Lagrangian-Info.plist */ = {isa = PBXFileReference; lastKnownFileType = text.plist.xml; path = "Lagrangian-Info.plist"; sourceTree = "<group>"; };
		D4B62B5716A1581700E42C84 /* en */ = {isa = PBXFileReference; lastKnownFileType = text.plist.strings; name = en; path = en.lproj/InfoPlist.strings; sourceTree = "<group>"; };
		D4BD3F3417B9DFFD00D513D8 /* L3TestState.h */ = {isa = PBXFileReference; fileEncoding = 4; lastKnownFileType = sourcecode.c.h; path = L3TestState.h; sourceTree = "<group>"; };
		D4BD3F3517B9DFFD00D513D8 /* L3TestState.m */ = {isa = PBXFileReference; fileEncoding = 4; lastKnownFileType = sourcecode.c.objc; path = L3TestState.m; sourceTree = "<group>"; };
		D4BEDF2917A0F10A00DCFF57 /* L3Expectation.h */ = {isa = PBXFileReference; fileEncoding = 4; lastKnownFileType = sourcecode.c.h; path = L3Expectation.h; sourceTree = "<group>"; };
		D4BEDF2A17A0F10A00DCFF57 /* L3Expectation.m */ = {isa = PBXFileReference; fileEncoding = 4; lastKnownFileType = sourcecode.c.objc; path = L3Expectation.m; sourceTree = "<group>"; };
		D4CE328618DF698300CADB65 /* Lagrangian (iOS Test Stub).xctest */ = {isa = PBXFileReference; explicitFileType = wrapper.cfbundle; includeInIndex = 0; path = "Lagrangian (iOS Test Stub).xctest"; sourceTree = BUILT_PRODUCTS_DIR; };
		D4CE328718DF698300CADB65 /* XCTest.framework */ = {isa = PBXFileReference; lastKnownFileType = wrapper.framework; name = XCTest.framework; path = Library/Frameworks/XCTest.framework; sourceTree = DEVELOPER_DIR; };
		D4CE328A18DF698300CADB65 /* UIKit.framework */ = {isa = PBXFileReference; lastKnownFileType = wrapper.framework; name = UIKit.framework; path = Library/Frameworks/UIKit.framework; sourceTree = DEVELOPER_DIR; };
		D4CE329E18DFB52900CADB65 /* XCTest.framework */ = {isa = PBXFileReference; lastKnownFileType = wrapper.framework; name = XCTest.framework; path = Library/Frameworks/XCTest.framework; sourceTree = DEVELOPER_DIR; };
		D4CE32A118DFB53C00CADB65 /* UIKit.framework */ = {isa = PBXFileReference; lastKnownFileType = wrapper.framework; name = UIKit.framework; path = Platforms/iPhoneOS.platform/Developer/SDKs/iPhoneOS7.1.sdk/System/Library/Frameworks/UIKit.framework; sourceTree = DEVELOPER_DIR; };
/* End PBXFileReference section */

/* Begin PBXFrameworksBuildPhase section */
		D46D2B4518E112360065701D /* Frameworks */ = {
			isa = PBXFrameworksBuildPhase;
			buildActionMask = 2147483647;
			files = (
				D46D2B5C18E116B50065701D /* Lagrangian.framework in Frameworks */,
				D4A16B891995CDB400DEC88A /* XCTest.framework in Frameworks */,
			);
			runOnlyForDeploymentPostprocessing = 0;
		};
		D473F5C916DA713E000FCD8D /* Frameworks */ = {
			isa = PBXFrameworksBuildPhase;
			buildActionMask = 2147483647;
			files = (
				D4CE32A218DFB53C00CADB65 /* UIKit.framework in Frameworks */,
				D4CE329F18DFB52900CADB65 /* XCTest.framework in Frameworks */,
				D473F5CE16DA713E000FCD8D /* Foundation.framework in Frameworks */,
			);
			runOnlyForDeploymentPostprocessing = 0;
		};
		D4B62B4816A1581700E42C84 /* Frameworks */ = {
			isa = PBXFrameworksBuildPhase;
			buildActionMask = 2147483647;
			files = (
				D4B62B8C16A15A2C00E42C84 /* Cocoa.framework in Frameworks */,
				D4B62B6F16A15A0400E42C84 /* Foundation.framework in Frameworks */,
				D4A16B881995CD6000DEC88A /* XCTest.framework in Frameworks */,
			);
			runOnlyForDeploymentPostprocessing = 0;
		};
		D4CE328318DF698300CADB65 /* Frameworks */ = {
			isa = PBXFrameworksBuildPhase;
			buildActionMask = 2147483647;
			files = (
				D4CE328818DF698300CADB65 /* XCTest.framework in Frameworks */,
				D4CE328B18DF698300CADB65 /* UIKit.framework in Frameworks */,
				D4CE328918DF698300CADB65 /* Foundation.framework in Frameworks */,
				D4CE329D18DF6A6D00CADB65 /* libLagrangian.a in Frameworks */,
			);
			runOnlyForDeploymentPostprocessing = 0;
		};
/* End PBXFrameworksBuildPhase section */

/* Begin PBXGroup section */
		D40DE69616501B000033DE88 /* Tests */ = {
			isa = PBXGroup;
			children = (
				D457D677165094F100340DAC /* L3SourceReference.h */,
				D457D678165094F100340DAC /* L3SourceReference.m */,
			);
			name = Tests;
			sourceTree = "<group>";
		};
		D4223BDE16A0A94B00AE32D5 /* External */ = {
			isa = PBXGroup;
			children = (
				D4248A3D18BD9E0700EE3F67 /* libextobjc */,
			);
			path = External;
			sourceTree = "<group>";
		};
		D4248A3D18BD9E0700EE3F67 /* libextobjc */ = {
			isa = PBXGroup;
			children = (
				D4248A3F18BD9E1100EE3F67 /* metamacros.h */,
			);
			name = libextobjc;
			sourceTree = "<group>";
		};
		D426E495165286F3001C9105 /* Utilities */ = {
			isa = PBXGroup;
			children = (
				D472C845179DC4EC00FD2F41 /* NSException+L3OCUnitCompatibility.h */,
				D472C846179DC4EC00FD2F41 /* NSException+L3OCUnitCompatibility.m */,
				D42B169317C5B0F000C5CA29 /* L3Block.h */,
				D42B169217C5B0F000C5CA29 /* L3Block.m */,
			);
			name = Utilities;
			sourceTree = "<group>";
		};
		D473F57116D8CD17000FCD8D /* iOS */ = {
			isa = PBXGroup;
			children = (
				D473F56E16D8CD03000FCD8D /* CoreGraphics.framework */,
				D473F56B16D8CC89000FCD8D /* Foundation.framework */,
			);
			name = iOS;
			sourceTree = "<group>";
		};
		D473F57216D8CD21000FCD8D /* OS X */ = {
			isa = PBXGroup;
			children = (
				D4A5B2C3164B4FAF00338EB4 /* Foundation.framework */,
				D4AC43181648B5D300C0A25B /* AppKit.framework */,
			);
			name = "OS X";
			sourceTree = "<group>";
		};
		D4AC43071648B5D300C0A25B = {
			isa = PBXGroup;
			children = (
				D4AC431B1648B5D300C0A25B /* Library */,
				D4B62B5316A1581700E42C84 /* Framework */,
				D4223BDE16A0A94B00AE32D5 /* External */,
				D4AC43141648B5D300C0A25B /* Frameworks */,
				D4AC43131648B5D300C0A25B /* Products */,
			);
			sourceTree = "<group>";
		};
		D4AC43131648B5D300C0A25B /* Products */ = {
			isa = PBXGroup;
			children = (
				D4B62B4C16A1581700E42C84 /* Lagrangian.framework */,
				D473F5CC16DA713E000FCD8D /* libLagrangian.a */,
				D4CE328618DF698300CADB65 /* Lagrangian (iOS Test Stub).xctest */,
				D46D2B4818E112360065701D /* Lagrangian (Mac Tests).xctest */,
			);
			name = Products;
			sourceTree = "<group>";
		};
		D4AC43141648B5D300C0A25B /* Frameworks */ = {
			isa = PBXGroup;
			children = (
				D4A16B871995CD6000DEC88A /* XCTest.framework */,
				D4A16B7C1995CD2300DEC88A /* XCTest.framework */,
				D4CE32A118DFB53C00CADB65 /* UIKit.framework */,
				D4CE329E18DFB52900CADB65 /* XCTest.framework */,
				D473F57116D8CD17000FCD8D /* iOS */,
				D473F57216D8CD21000FCD8D /* OS X */,
				D4B62B4D16A1581700E42C84 /* Cocoa.framework */,
				D473F5CD16DA713E000FCD8D /* Foundation.framework */,
				D403A78417A0DC710049B869 /* SenTestingKit.framework */,
				D4CE328718DF698300CADB65 /* XCTest.framework */,
				D4CE328A18DF698300CADB65 /* UIKit.framework */,
				D4B62B4F16A1581700E42C84 /* Other Frameworks */,
			);
			name = Frameworks;
			sourceTree = "<group>";
		};
		D4AC431B1648B5D300C0A25B /* Library */ = {
			isa = PBXGroup;
			children = (
				D4AC431E1648B5D300C0A25B /* Lagrangian.h */,
				D439168D179E49600002EDCA /* L3Test.h */,
				D439168E179E49600002EDCA /* L3Test.m */,
				D4A5092C18DFE46D0030A470 /* L3TestSuite.h */,
				D4A5092D18DFE46D0030A470 /* L3TestSuite.m */,
				D4BD3F3417B9DFFD00D513D8 /* L3TestState.h */,
				D4BD3F3517B9DFFD00D513D8 /* L3TestState.m */,
				D4248C6118C2168100EE3F67 /* L3TestState+SetUpOnSameLineOfDifferentModule.m */,
				D4BEDF2917A0F10A00DCFF57 /* L3Expectation.h */,
				D4BEDF2A17A0F10A00DCFF57 /* L3Expectation.m */,
				D40DE69616501B000033DE88 /* Tests */,
				D426E495165286F3001C9105 /* Utilities */,
				D4AC431C1648B5D300C0A25B /* Supporting Files */,
			);
			name = Library;
			path = Lagrangian;
			sourceTree = "<group>";
		};
		D4AC431C1648B5D300C0A25B /* Supporting Files */ = {
			isa = PBXGroup;
			children = (
				D4391695179E49B40002EDCA /* L3Defines.h */,
				D4AC431D1648B5D300C0A25B /* Lagrangian-Prefix.pch */,
				D46D2B4218E112050065701D /* Lagrangian Tests-Info.plist */,
				D46D2B5918E1135C0065701D /* L3TestStub.m */,
			);
			name = "Supporting Files";
			sourceTree = "<group>";
		};
		D4B62B4F16A1581700E42C84 /* Other Frameworks */ = {
			isa = PBXGroup;
			children = (
				D4B62B5016A1581700E42C84 /* AppKit.framework */,
				D4B62B5116A1581700E42C84 /* CoreData.framework */,
				D4B62B5216A1581700E42C84 /* Foundation.framework */,
			);
			name = "Other Frameworks";
			sourceTree = "<group>";
		};
		D4B62B5316A1581700E42C84 /* Framework */ = {
			isa = PBXGroup;
			children = (
				D4B62B5516A1581700E42C84 /* Lagrangian-Info.plist */,
				D4B62B5616A1581700E42C84 /* InfoPlist.strings */,
			);
			name = Framework;
			path = Lagrangian;
			sourceTree = "<group>";
		};
/* End PBXGroup section */

/* Begin PBXHeadersBuildPhase section */
		D473F5E116DA71DF000FCD8D /* Headers */ = {
			isa = PBXHeadersBuildPhase;
			buildActionMask = 2147483647;
			files = (
				D4A5092F18DFE46D0030A470 /* L3TestSuite.h in Headers */,
				D4BEDF2C17A0F10A00DCFF57 /* L3Expectation.h in Headers */,
				D4248A4118BD9E1800EE3F67 /* metamacros.h in Headers */,
				D473F5E616DA71ED000FCD8D /* Lagrangian.h in Headers */,
				D473F5EA16DA71ED000FCD8D /* L3SourceReference.h in Headers */,
				D472C849179DC4EC00FD2F41 /* NSException+L3OCUnitCompatibility.h in Headers */,
				D4391698179E49C40002EDCA /* L3Defines.h in Headers */,
				D4391691179E49600002EDCA /* L3Test.h in Headers */,
				D4BD3F3717B9DFFD00D513D8 /* L3TestState.h in Headers */,
				D42B169717C5B0F000C5CA29 /* L3Block.h in Headers */,
			);
			runOnlyForDeploymentPostprocessing = 0;
		};
		D4B62B4916A1581700E42C84 /* Headers */ = {
			isa = PBXHeadersBuildPhase;
			buildActionMask = 2147483647;
			files = (
				D4A5092E18DFE46D0030A470 /* L3TestSuite.h in Headers */,
				D4BEDF2B17A0F10A00DCFF57 /* L3Expectation.h in Headers */,
				D4248A4018BD9E1100EE3F67 /* metamacros.h in Headers */,
				D4B62B7416A15A1900E42C84 /* Lagrangian.h in Headers */,
				D4B62B7816A15A1900E42C84 /* L3SourceReference.h in Headers */,
				D4391696179E49C20002EDCA /* L3Defines.h in Headers */,
				D439168F179E49600002EDCA /* L3Test.h in Headers */,
				D472C847179DC4EC00FD2F41 /* NSException+L3OCUnitCompatibility.h in Headers */,
				D4BD3F3617B9DFFD00D513D8 /* L3TestState.h in Headers */,
				D42B169617C5B0F000C5CA29 /* L3Block.h in Headers */,
			);
			runOnlyForDeploymentPostprocessing = 0;
		};
/* End PBXHeadersBuildPhase section */

/* Begin PBXNativeTarget section */
		D46D2B4718E112360065701D /* Lagrangian (Mac Tests) */ = {
			isa = PBXNativeTarget;
			buildConfigurationList = D46D2B5518E112360065701D /* Build configuration list for PBXNativeTarget "Lagrangian (Mac Tests)" */;
			buildPhases = (
				D46D2B4418E112360065701D /* Sources */,
				D46D2B4518E112360065701D /* Frameworks */,
				D46D2B4618E112360065701D /* Resources */,
			);
			buildRules = (
			);
			dependencies = (
				D46D2B5418E112360065701D /* PBXTargetDependency */,
			);
			name = "Lagrangian (Mac Tests)";
			productName = "Lagrangian (Mac Tests)";
			productReference = D46D2B4818E112360065701D /* Lagrangian (Mac Tests).xctest */;
			productType = "com.apple.product-type.bundle.unit-test";
		};
		D473F5CB16DA713E000FCD8D /* Lagrangian (iOS static framework) */ = {
			isa = PBXNativeTarget;
			buildConfigurationList = D473F5D616DA713E000FCD8D /* Build configuration list for PBXNativeTarget "Lagrangian (iOS static framework)" */;
			buildPhases = (
				D473F5C816DA713E000FCD8D /* Sources */,
				D473F5C916DA713E000FCD8D /* Frameworks */,
				D473F5E116DA71DF000FCD8D /* Headers */,
				D473F60C16DA72C1000FCD8D /* Prepare Framework */,
			);
			buildRules = (
			);
			dependencies = (
			);
			name = "Lagrangian (iOS static framework)";
			productName = "Lagrangian (iOS static framework)";
			productReference = D473F5CC16DA713E000FCD8D /* libLagrangian.a */;
			productType = "com.apple.product-type.library.static";
		};
		D4B62B4B16A1581700E42C84 /* Lagrangian (Mac OS X framework) */ = {
			isa = PBXNativeTarget;
			buildConfigurationList = D4B62B5F16A1581700E42C84 /* Build configuration list for PBXNativeTarget "Lagrangian (Mac OS X framework)" */;
			buildPhases = (
				D4B62B4716A1581700E42C84 /* Sources */,
				D4B62B4816A1581700E42C84 /* Frameworks */,
				D4B62B4916A1581700E42C84 /* Headers */,
				D4B62B4A16A1581700E42C84 /* Resources */,
			);
			buildRules = (
			);
			dependencies = (
			);
			name = "Lagrangian (Mac OS X framework)";
			productName = "Lagrangian (Framework)";
			productReference = D4B62B4C16A1581700E42C84 /* Lagrangian.framework */;
			productType = "com.apple.product-type.framework";
		};
		D4CE328518DF698300CADB65 /* Lagrangian (iOS Test Stub) */ = {
			isa = PBXNativeTarget;
			buildConfigurationList = D4CE329918DF698300CADB65 /* Build configuration list for PBXNativeTarget "Lagrangian (iOS Test Stub)" */;
			buildPhases = (
				D4CE328218DF698300CADB65 /* Sources */,
				D4CE328318DF698300CADB65 /* Frameworks */,
				D4CE328418DF698300CADB65 /* Resources */,
			);
			buildRules = (
			);
			dependencies = (
				D4CE329618DF698300CADB65 /* PBXTargetDependency */,
			);
			name = "Lagrangian (iOS Test Stub)";
			productName = "Lagrangian (iOS Test Stub)";
			productReference = D4CE328618DF698300CADB65 /* Lagrangian (iOS Test Stub).xctest */;
			productType = "com.apple.product-type.bundle.unit-test";
		};
/* End PBXNativeTarget section */

/* Begin PBXProject section */
		D4AC43091648B5D300C0A25B /* Project object */ = {
			isa = PBXProject;
			attributes = {
				CLASSPREFIX = L3;
				LastUpgradeCheck = 0500;
				ORGANIZATIONNAME = "Rob Rix";
				TargetAttributes = {
					D46D2B4718E112360065701D = {
						TestTargetID = D4B62B4B16A1581700E42C84;
					};
					D4CE328518DF698300CADB65 = {
						TestTargetID = D473F5CB16DA713E000FCD8D;
					};
				};
			};
			buildConfigurationList = D4AC430C1648B5D300C0A25B /* Build configuration list for PBXProject "Lagrangian" */;
			compatibilityVersion = "Xcode 3.2";
			developmentRegion = English;
			hasScannedForEncodings = 0;
			knownRegions = (
				en,
			);
			mainGroup = D4AC43071648B5D300C0A25B;
			productRefGroup = D4AC43131648B5D300C0A25B /* Products */;
			projectDirPath = "";
			projectRoot = "";
			targets = (
				D4B62B4B16A1581700E42C84 /* Lagrangian (Mac OS X framework) */,
				D473F5CB16DA713E000FCD8D /* Lagrangian (iOS static framework) */,
				D46D2B4718E112360065701D /* Lagrangian (Mac Tests) */,
				D4CE328518DF698300CADB65 /* Lagrangian (iOS Test Stub) */,
			);
		};
/* End PBXProject section */

/* Begin PBXResourcesBuildPhase section */
		D46D2B4618E112360065701D /* Resources */ = {
			isa = PBXResourcesBuildPhase;
			buildActionMask = 2147483647;
			files = (
			);
			runOnlyForDeploymentPostprocessing = 0;
		};
		D4B62B4A16A1581700E42C84 /* Resources */ = {
			isa = PBXResourcesBuildPhase;
			buildActionMask = 2147483647;
			files = (
				D4B62B5816A1581700E42C84 /* InfoPlist.strings in Resources */,
			);
			runOnlyForDeploymentPostprocessing = 0;
		};
		D4CE328418DF698300CADB65 /* Resources */ = {
			isa = PBXResourcesBuildPhase;
			buildActionMask = 2147483647;
			files = (
			);
			runOnlyForDeploymentPostprocessing = 0;
		};
/* End PBXResourcesBuildPhase section */

/* Begin PBXShellScriptBuildPhase section */
		D473F60C16DA72C1000FCD8D /* Prepare Framework */ = {
			isa = PBXShellScriptBuildPhase;
			buildActionMask = 2147483647;
			files = (
			);
			inputPaths = (
			);
			name = "Prepare Framework";
			outputPaths = (
			);
			runOnlyForDeploymentPostprocessing = 0;
			shellPath = /bin/sh;
			shellScript = "set -e\n\nmkdir -p \"${BUILT_PRODUCTS_DIR}/${PRODUCT_NAME}.framework/Versions/A/Headers\"\n\n# Link the \"Current\" version to \"A\"\n/bin/ln -sfh A \"${BUILT_PRODUCTS_DIR}/${PRODUCT_NAME}.framework/Versions/Current\"\n/bin/ln -sfh Versions/Current/Headers \"${BUILT_PRODUCTS_DIR}/${PRODUCT_NAME}.framework/Headers\"\n/bin/ln -sfh \"Versions/Current/${PRODUCT_NAME}\" \"${BUILT_PRODUCTS_DIR}/${PRODUCT_NAME}.framework/${PRODUCT_NAME}\"\n\n# The -a ensures that the headers maintain the source modification date so that we don't constantly\n# cause propagating rebuilds of files that import these headers.\n/bin/cp -a \"${TARGET_BUILD_DIR}/${PUBLIC_HEADERS_FOLDER_PATH}/\" \"${BUILT_PRODUCTS_DIR}/${PRODUCT_NAME}.framework/Versions/A/Headers\"\n\ncp -a \"${BUILT_PRODUCTS_DIR}/lib${PRODUCT_NAME}.a\" \"${BUILT_PRODUCTS_DIR}/${PRODUCT_NAME}.framework/Versions/A/${PRODUCT_NAME}\"";
			showEnvVarsInLog = 0;
		};
/* End PBXShellScriptBuildPhase section */

/* Begin PBXSourcesBuildPhase section */
		D46D2B4418E112360065701D /* Sources */ = {
			isa = PBXSourcesBuildPhase;
			buildActionMask = 2147483647;
			files = (
				D46D2B5A18E113650065701D /* L3TestStub.m in Sources */,
			);
			runOnlyForDeploymentPostprocessing = 0;
		};
		D473F5C816DA713E000FCD8D /* Sources */ = {
			isa = PBXSourcesBuildPhase;
			buildActionMask = 2147483647;
			files = (
				D4B53EA617B2892C00D70297 /* NSException+L3OCUnitCompatibility.m in Sources */,
				D44AA23C17A56F5B00B9F9B3 /* L3SourceReference.m in Sources */,
				D4A5093118DFE46D0030A470 /* L3TestSuite.m in Sources */,
				D4248C6518C2168100EE3F67 /* L3TestState+SetUpOnSameLineOfDifferentModule.m in Sources */,
				D42B169517C5B0F000C5CA29 /* L3Block.m in Sources */,
				D4BEDF2E17A0F10A00DCFF57 /* L3Expectation.m in Sources */,
				D4391694179E49600002EDCA /* L3Test.m in Sources */,
				D4BD3F3917B9DFFD00D513D8 /* L3TestState.m in Sources */,
			);
			runOnlyForDeploymentPostprocessing = 0;
		};
		D4B62B4716A1581700E42C84 /* Sources */ = {
			isa = PBXSourcesBuildPhase;
			buildActionMask = 2147483647;
			files = (
				D4B53EA017B2892C00D70297 /* NSException+L3OCUnitCompatibility.m in Sources */,
				D44AA23D17A56F5C00B9F9B3 /* L3SourceReference.m in Sources */,
				D4A5093018DFE46D0030A470 /* L3TestSuite.m in Sources */,
				D4248C6418C2168100EE3F67 /* L3TestState+SetUpOnSameLineOfDifferentModule.m in Sources */,
				D42B169417C5B0F000C5CA29 /* L3Block.m in Sources */,
				D4BEDF2D17A0F10A00DCFF57 /* L3Expectation.m in Sources */,
				D4391692179E49600002EDCA /* L3Test.m in Sources */,
				D4BD3F3817B9DFFD00D513D8 /* L3TestState.m in Sources */,
			);
			runOnlyForDeploymentPostprocessing = 0;
		};
		D4CE328218DF698300CADB65 /* Sources */ = {
			isa = PBXSourcesBuildPhase;
			buildActionMask = 2147483647;
			files = (
				D46D2B5B18E113660065701D /* L3TestStub.m in Sources */,
			);
			runOnlyForDeploymentPostprocessing = 0;
		};
/* End PBXSourcesBuildPhase section */

/* Begin PBXTargetDependency section */
		D46D2B5418E112360065701D /* PBXTargetDependency */ = {
			isa = PBXTargetDependency;
			target = D4B62B4B16A1581700E42C84 /* Lagrangian (Mac OS X framework) */;
			targetProxy = D46D2B5318E112360065701D /* PBXContainerItemProxy */;
		};
		D4CE329618DF698300CADB65 /* PBXTargetDependency */ = {
			isa = PBXTargetDependency;
			target = D473F5CB16DA713E000FCD8D /* Lagrangian (iOS static framework) */;
			targetProxy = D4CE329518DF698300CADB65 /* PBXContainerItemProxy */;
		};
/* End PBXTargetDependency section */

/* Begin PBXVariantGroup section */
		D4B62B5616A1581700E42C84 /* InfoPlist.strings */ = {
			isa = PBXVariantGroup;
			children = (
				D4B62B5716A1581700E42C84 /* en */,
			);
			name = InfoPlist.strings;
			sourceTree = "<group>";
		};
/* End PBXVariantGroup section */

/* Begin XCBuildConfiguration section */
		D46D2B5618E112360065701D /* Debug */ = {
			isa = XCBuildConfiguration;
			buildSettings = {
				FRAMEWORK_SEARCH_PATHS = (
					"$(DEVELOPER_FRAMEWORKS_DIR)",
					"$(DEVELOPER_DIR)/Platforms/MacOSX.platform/Developer/Library/Frameworks",
				);
				INFOPLIST_FILE = "Lagrangian/Lagrangian Tests-Info.plist";
				MACOSX_DEPLOYMENT_TARGET = 10.9;
				PRODUCT_NAME = "$(TARGET_NAME)";
				WRAPPER_EXTENSION = xctest;
			};
			name = Debug;
		};
		D46D2B5718E112360065701D /* Release */ = {
			isa = XCBuildConfiguration;
			buildSettings = {
				FRAMEWORK_SEARCH_PATHS = (
					"$(DEVELOPER_FRAMEWORKS_DIR)",
					"$(DEVELOPER_DIR)/Platforms/MacOSX.platform/Developer/Library/Frameworks",
				);
				INFOPLIST_FILE = "Lagrangian/Lagrangian Tests-Info.plist";
				MACOSX_DEPLOYMENT_TARGET = 10.9;
				PRODUCT_NAME = "$(TARGET_NAME)";
				WRAPPER_EXTENSION = xctest;
			};
			name = Release;
		};
		D473F5D716DA713E000FCD8D /* Debug */ = {
			isa = XCBuildConfiguration;
			buildSettings = {
				COPY_PHASE_STRIP = NO;
				DEAD_CODE_STRIPPING = NO;
				DSTROOT = /tmp/Lagrangian.dst;
				FRAMEWORK_SEARCH_PATHS = "$(SDKROOT)/Developer/Library/Frameworks";
				PRODUCT_NAME = Lagrangian;
				PUBLIC_HEADERS_FOLDER_PATH = "$(PRODUCT_NAME) Headers";
				SDKROOT = iphoneos;
				SKIP_INSTALL = YES;
				STRIP_STYLE = "non-global";
			};
			name = Debug;
		};
		D473F5D816DA713E000FCD8D /* Release */ = {
			isa = XCBuildConfiguration;
			buildSettings = {
				COPY_PHASE_STRIP = NO;
				DEAD_CODE_STRIPPING = NO;
				DSTROOT = /tmp/Lagrangian.dst;
				FRAMEWORK_SEARCH_PATHS = "$(SDKROOT)/Developer/Library/Frameworks";
				PRODUCT_NAME = Lagrangian;
				PUBLIC_HEADERS_FOLDER_PATH = "$(PRODUCT_NAME) Headers";
				SDKROOT = iphoneos;
				SKIP_INSTALL = YES;
				STRIP_STYLE = "non-global";
			};
			name = Release;
		};
		D4AC43211648B5D300C0A25B /* Debug */ = {
			isa = XCBuildConfiguration;
			buildSettings = {
				ALWAYS_SEARCH_USER_PATHS = NO;
				CLANG_CXX_LANGUAGE_STANDARD = "c++0x";
				CLANG_ENABLE_MODULES = YES;
				CLANG_ENABLE_OBJC_ARC = YES;
				CLANG_WARN_DOCUMENTATION_COMMENTS = NO;
				CLANG_WARN_EMPTY_BODY = YES;
				CLANG_WARN__DUPLICATE_METHOD_MATCH = YES;
				COMBINE_HIDPI_IMAGES = YES;
				COPY_PHASE_STRIP = NO;
				GCC_C_LANGUAGE_STANDARD = c11;
				GCC_DYNAMIC_NO_PIC = NO;
				GCC_OPTIMIZATION_LEVEL = 0;
				GCC_PRECOMPILE_PREFIX_HEADER = YES;
				GCC_PREFIX_HEADER = "Lagrangian/Lagrangian-Prefix.pch";
				GCC_PREPROCESSOR_DEFINITIONS = (
					"DEBUG=1",
					"$(inherited)",
				);
				GCC_SYMBOLS_PRIVATE_EXTERN = NO;
				GCC_WARN_64_TO_32_BIT_CONVERSION = YES;
				GCC_WARN_ABOUT_RETURN_TYPE = YES;
				GCC_WARN_UNINITIALIZED_AUTOS = YES;
				GCC_WARN_UNUSED_VARIABLE = YES;
				IPHONEOS_DEPLOYMENT_TARGET = 6.1;
				MACOSX_DEPLOYMENT_TARGET = 10.9;
				ONLY_ACTIVE_ARCH = YES;
				OTHER_LDFLAGS = "-ObjC";
				SDKROOT = macosx;
				WARNING_CFLAGS = (
					"-Weverything",
					"-Wno-objc-missing-property-synthesis",
					"-Wno-c11-extensions",
					"-Wno-vla",
					"-Wno-auto-import",
					"-Wno-custom-atomic-properties",
					"-Wno-direct-ivar-access",
					"-Wno-cstring-format-directive",
					"-Wno-documentation-unknown-command",
					"-Rno-module-build",
				);
			};
			name = Debug;
		};
		D4AC43221648B5D300C0A25B /* Release */ = {
			isa = XCBuildConfiguration;
			buildSettings = {
				ALWAYS_SEARCH_USER_PATHS = NO;
				CLANG_CXX_LANGUAGE_STANDARD = "c++0x";
				CLANG_ENABLE_MODULES = YES;
				CLANG_ENABLE_OBJC_ARC = YES;
				CLANG_WARN_DOCUMENTATION_COMMENTS = NO;
				CLANG_WARN_EMPTY_BODY = YES;
				CLANG_WARN__DUPLICATE_METHOD_MATCH = YES;
				COMBINE_HIDPI_IMAGES = YES;
				COPY_PHASE_STRIP = YES;
				DEBUG_INFORMATION_FORMAT = "dwarf-with-dsym";
				GCC_C_LANGUAGE_STANDARD = c11;
				GCC_PRECOMPILE_PREFIX_HEADER = YES;
				GCC_PREFIX_HEADER = "Lagrangian/Lagrangian-Prefix.pch";
				GCC_WARN_64_TO_32_BIT_CONVERSION = YES;
				GCC_WARN_ABOUT_RETURN_TYPE = YES;
				GCC_WARN_UNINITIALIZED_AUTOS = YES;
				GCC_WARN_UNUSED_VARIABLE = YES;
				IPHONEOS_DEPLOYMENT_TARGET = 6.1;
				MACOSX_DEPLOYMENT_TARGET = 10.9;
				OTHER_LDFLAGS = "-ObjC";
				SDKROOT = macosx;
				WARNING_CFLAGS = (
					"-Weverything",
					"-Wno-objc-missing-property-synthesis",
					"-Wno-c11-extensions",
					"-Wno-vla",
					"-Wno-auto-import",
					"-Wno-custom-atomic-properties",
					"-Wno-direct-ivar-access",
					"-Wno-cstring-format-directive",
					"-Wno-documentation-unknown-command",
					"-Rno-module-build",
				);
			};
			name = Release;
		};
		D4B62B5D16A1581700E42C84 /* Debug */ = {
			isa = XCBuildConfiguration;
			buildSettings = {
				DYLIB_COMPATIBILITY_VERSION = 1;
				DYLIB_CURRENT_VERSION = 1;
				FRAMEWORK_SEARCH_PATHS = (
					"$(inherited)",
					"$(DEVELOPER_FRAMEWORKS_DIR)",
					"$(DEVELOPER_DIR)/Platforms/MacOSX.platform/Developer/Library/Frameworks",
				);
				INFOPLIST_FILE = "Lagrangian/Lagrangian-Info.plist";
				LD_RUNPATH_SEARCH_PATHS = "$(FRAMEWORK_SEARCH_PATHS)";
				PRODUCT_NAME = Lagrangian;
				TEST_RIG = "$(BUILT_PRODUCTS_DIR)/lagrangian";
				WRAPPER_EXTENSION = framework;
			};
			name = Debug;
		};
		D4B62B5E16A1581700E42C84 /* Release */ = {
			isa = XCBuildConfiguration;
			buildSettings = {
				DYLIB_COMPATIBILITY_VERSION = 1;
				DYLIB_CURRENT_VERSION = 1;
				FRAMEWORK_SEARCH_PATHS = (
					"$(inherited)",
					"$(DEVELOPER_FRAMEWORKS_DIR)",
					"$(DEVELOPER_DIR)/Platforms/MacOSX.platform/Developer/Library/Frameworks",
				);
				INFOPLIST_FILE = "Lagrangian/Lagrangian-Info.plist";
				LD_RUNPATH_SEARCH_PATHS = "$(FRAMEWORK_SEARCH_PATHS)";
				PRODUCT_NAME = Lagrangian;
				TEST_RIG = "$(BUILT_PRODUCTS_DIR)/lagrangian";
				WRAPPER_EXTENSION = framework;
			};
			name = Release;
		};
		D4CE329718DF698300CADB65 /* Debug */ = {
			isa = XCBuildConfiguration;
			buildSettings = {
				FRAMEWORK_SEARCH_PATHS = "$(SDKROOT)/Developer/Library/Frameworks";
				INFOPLIST_FILE = "Lagrangian/Lagrangian Tests-Info.plist";
				PRODUCT_NAME = "$(TARGET_NAME)";
				SDKROOT = iphoneos;
				WRAPPER_EXTENSION = xctest;
			};
			name = Debug;
		};
		D4CE329818DF698300CADB65 /* Release */ = {
			isa = XCBuildConfiguration;
			buildSettings = {
				FRAMEWORK_SEARCH_PATHS = "$(SDKROOT)/Developer/Library/Frameworks";
				INFOPLIST_FILE = "Lagrangian/Lagrangian Tests-Info.plist";
				PRODUCT_NAME = "$(TARGET_NAME)";
				SDKROOT = iphoneos;
				WRAPPER_EXTENSION = xctest;
			};
			name = Release;
		};
/* End XCBuildConfiguration section */

/* Begin XCConfigurationList section */
		D46D2B5518E112360065701D /* Build configuration list for PBXNativeTarget "Lagrangian (Mac Tests)" */ = {
			isa = XCConfigurationList;
			buildConfigurations = (
				D46D2B5618E112360065701D /* Debug */,
				D46D2B5718E112360065701D /* Release */,
			);
			defaultConfigurationIsVisible = 0;
			defaultConfigurationName = Release;
		};
		D473F5D616DA713E000FCD8D /* Build configuration list for PBXNativeTarget "Lagrangian (iOS static framework)" */ = {
			isa = XCConfigurationList;
			buildConfigurations = (
				D473F5D716DA713E000FCD8D /* Debug */,
				D473F5D816DA713E000FCD8D /* Release */,
			);
			defaultConfigurationIsVisible = 0;
			defaultConfigurationName = Release;
		};
		D4AC430C1648B5D300C0A25B /* Build configuration list for PBXProject "Lagrangian" */ = {
			isa = XCConfigurationList;
			buildConfigurations = (
				D4AC43211648B5D300C0A25B /* Debug */,
				D4AC43221648B5D300C0A25B /* Release */,
			);
			defaultConfigurationIsVisible = 0;
			defaultConfigurationName = Release;
		};
		D4B62B5F16A1581700E42C84 /* Build configuration list for PBXNativeTarget "Lagrangian (Mac OS X framework)" */ = {
			isa = XCConfigurationList;
			buildConfigurations = (
				D4B62B5D16A1581700E42C84 /* Debug */,
				D4B62B5E16A1581700E42C84 /* Release */,
			);
			defaultConfigurationIsVisible = 0;
			defaultConfigurationName = Release;
		};
		D4CE329918DF698300CADB65 /* Build configuration list for PBXNativeTarget "Lagrangian (iOS Test Stub)" */ = {
			isa = XCConfigurationList;
			buildConfigurations = (
				D4CE329718DF698300CADB65 /* Debug */,
				D4CE329818DF698300CADB65 /* Release */,
			);
			defaultConfigurationIsVisible = 0;
			defaultConfigurationName = Release;
		};
/* End XCConfigurationList section */
	};
	rootObject = D4AC43091648B5D300C0A25B /* Project object */;
}
